// !$*UTF8*$!
{
	archiveVersion = 1;
	classes = {
	};
	objectVersion = 48;
	objects = {

/* Begin PBXBuildFile section */
		A654325D1FE6A9E50048789B /* AppDelegate.m in Sources */ = {isa = PBXBuildFile; fileRef = A654325C1FE6A9E50048789B /* AppDelegate.m */; };
		A65432601FE6A9E50048789B /* ViewController.m in Sources */ = {isa = PBXBuildFile; fileRef = A654325F1FE6A9E50048789B /* ViewController.m */; };
		A65432631FE6A9E50048789B /* Main.storyboard in Resources */ = {isa = PBXBuildFile; fileRef = A65432611FE6A9E50048789B /* Main.storyboard */; };
		A65432651FE6A9E50048789B /* Assets.xcassets in Resources */ = {isa = PBXBuildFile; fileRef = A65432641FE6A9E50048789B /* Assets.xcassets */; };
		A65432681FE6A9E50048789B /* LaunchScreen.storyboard in Resources */ = {isa = PBXBuildFile; fileRef = A65432661FE6A9E50048789B /* LaunchScreen.storyboard */; };
		A654326B1FE6A9E50048789B /* main.m in Sources */ = {isa = PBXBuildFile; fileRef = A654326A1FE6A9E50048789B /* main.m */; };
/* End PBXBuildFile section */

/* Begin PBXFileReference section */
		A65432581FE6A9E50048789B /* TableViewSimpleApp.app */ = {isa = PBXFileReference; explicitFileType = wrapper.application; includeInIndex = 0; path = TableViewSimpleApp.app; sourceTree = BUILT_PRODUCTS_DIR; };
		A654325B1FE6A9E50048789B /* AppDelegate.h */ = {isa = PBXFileReference; lastKnownFileType = sourcecode.c.h; path = AppDelegate.h; sourceTree = "<group>"; };
		A654325C1FE6A9E50048789B /* AppDelegate.m */ = {isa = PBXFileReference; lastKnownFileType = sourcecode.c.objc; path = AppDelegate.m; sourceTree = "<group>"; };
		A654325E1FE6A9E50048789B /* ViewController.h */ = {isa = PBXFileReference; lastKnownFileType = sourcecode.c.h; path = ViewController.h; sourceTree = "<group>"; };
		A654325F1FE6A9E50048789B /* ViewController.m */ = {isa = PBXFileReference; lastKnownFileType = sourcecode.c.objc; path = ViewController.m; sourceTree = "<group>"; };
		A65432621FE6A9E50048789B /* Base */ = {isa = PBXFileReference; lastKnownFileType = file.storyboard; name = Base; path = Base.lproj/Main.storyboard; sourceTree = "<group>"; };
		A65432641FE6A9E50048789B /* Assets.xcassets */ = {isa = PBXFileReference; lastKnownFileType = folder.assetcatalog; path = Assets.xcassets; sourceTree = "<group>"; };
		A65432671FE6A9E50048789B /* Base */ = {isa = PBXFileReference; lastKnownFileType = file.storyboard; name = Base; path = Base.lproj/LaunchScreen.storyboard; sourceTree = "<group>"; };
		A65432691FE6A9E50048789B /* Info.plist */ = {isa = PBXFileReference; lastKnownFileType = text.plist.xml; path = Info.plist; sourceTree = "<group>"; };
		A654326A1FE6A9E50048789B /* main.m */ = {isa = PBXFileReference; lastKnownFileType = sourcecode.c.objc; path = main.m; sourceTree = "<group>"; };
/* End PBXFileReference section */

/* Begin PBXFrameworksBuildPhase section */
		A65432551FE6A9E50048789B /* Frameworks */ = {
			isa = PBXFrameworksBuildPhase;
			buildActionMask = 2147483647;
			files = (
			);
			runOnlyForDeploymentPostprocessing = 0;
		};
/* End PBXFrameworksBuildPhase section */

/* Begin PBXGroup section */
		A654324F1FE6A9E50048789B = {
			isa = PBXGroup;
			children = (
				A654325A1FE6A9E50048789B /* TableViewSimpleApp */,
				A65432591FE6A9E50048789B /* Products */,
			);
			sourceTree = "<group>";
		};
		A65432591FE6A9E50048789B /* Products */ = {
			isa = PBXGroup;
			children = (
				A65432581FE6A9E50048789B /* TableViewSimpleApp.app */,
			);
			name = Products;
			sourceTree = "<group>";
		};
		A654325A1FE6A9E50048789B /* TableViewSimpleApp */ = {
			isa = PBXGroup;
			children = (
				A654325B1FE6A9E50048789B /* AppDelegate.h */,
				A654325C1FE6A9E50048789B /* AppDelegate.m */,
				A654325E1FE6A9E50048789B /* ViewController.h */,
				A654325F1FE6A9E50048789B /* ViewController.m */,
				A65432611FE6A9E50048789B /* Main.storyboard */,
				A65432641FE6A9E50048789B /* Assets.xcassets */,
				A65432661FE6A9E50048789B /* LaunchScreen.storyboard */,
				A65432691FE6A9E50048789B /* Info.plist */,
				A654326A1FE6A9E50048789B /* main.m */,
			);
			path = TableViewSimpleApp;
			sourceTree = "<group>";
		};
/* End PBXGroup section */

/* Begin PBXNativeTarget section */
		A65432571FE6A9E50048789B /* TableViewSimpleApp */ = {
			isa = PBXNativeTarget;
			buildConfigurationList = A654326E1FE6A9E50048789B /* Build configuration list for PBXNativeTarget "TableViewSimpleApp" */;
			buildPhases = (
				A65432541FE6A9E50048789B /* Sources */,
				A65432551FE6A9E50048789B /* Frameworks */,
				A65432561FE6A9E50048789B /* Resources */,
			);
			buildRules = (
			);
			dependencies = (
			);
			name = TableViewSimpleApp;
			productName = TableViewSimpleApp;
			productReference = A65432581FE6A9E50048789B /* TableViewSimpleApp.app */;
			productType = "com.apple.product-type.application";
		};
/* End PBXNativeTarget section */

/* Begin PBXProject section */
		A65432501FE6A9E50048789B /* Project object */ = {
			isa = PBXProject;
			attributes = {
				LastUpgradeCheck = 0920;
				ORGANIZATIONNAME = "Антон Полуянов";
				TargetAttributes = {
					A65432571FE6A9E50048789B = {
						CreatedOnToolsVersion = 9.2;
						ProvisioningStyle = Automatic;
					};
				};
			};
			buildConfigurationList = A65432531FE6A9E50048789B /* Build configuration list for PBXProject "TableViewSimpleApp" */;
			compatibilityVersion = "Xcode 8.0";
			developmentRegion = en;
			hasScannedForEncodings = 0;
			knownRegions = (
				en,
				Base,
			);
			mainGroup = A654324F1FE6A9E50048789B;
			productRefGroup = A65432591FE6A9E50048789B /* Products */;
			projectDirPath = "";
			projectRoot = "";
			targets = (
				A65432571FE6A9E50048789B /* TableViewSimpleApp */,
			);
		};
/* End PBXProject section */

/* Begin PBXResourcesBuildPhase section */
		A65432561FE6A9E50048789B /* Resources */ = {
			isa = PBXResourcesBuildPhase;
			buildActionMask = 2147483647;
			files = (
				A65432681FE6A9E50048789B /* LaunchScreen.storyboard in Resources */,
				A65432651FE6A9E50048789B /* Assets.xcassets in Resources */,
				A65432631FE6A9E50048789B /* Main.storyboard in Resources */,
			);
			runOnlyForDeploymentPostprocessing = 0;
		};
/* End PBXResourcesBuildPhase section */

/* Begin PBXSourcesBuildPhase section */
		A65432541FE6A9E50048789B /* Sources */ = {
			isa = PBXSourcesBuildPhase;
			buildActionMask = 2147483647;
			files = (
				A65432601FE6A9E50048789B /* ViewController.m in Sources */,
				A654326B1FE6A9E50048789B /* main.m in Sources */,
				A654325D1FE6A9E50048789B /* AppDelegate.m in Sources */,
			);
			runOnlyForDeploymentPostprocessing = 0;
		};
/* End PBXSourcesBuildPhase section */

/* Begin PBXVariantGroup section */
		A65432611FE6A9E50048789B /* Main.storyboard */ = {
			isa = PBXVariantGroup;
			children = (
				A65432621FE6A9E50048789B /* Base */,
			);
			name = Main.storyboard;
			sourceTree = "<group>";
		};
		A65432661FE6A9E50048789B /* LaunchScreen.storyboard */ = {
			isa = PBXVariantGroup;
			children = (
				A65432671FE6A9E50048789B /* Base */,
			);
			name = LaunchScreen.storyboard;
			sourceTree = "<group>";
		};
/* End PBXVariantGroup section */

/* Begin XCBuildConfiguration section */
		A654326C1FE6A9E50048789B /* Debug */ = {
			isa = XCBuildConfiguration;
			buildSettings = {
				ALWAYS_SEARCH_USER_PATHS = NO;
				CLANG_ANALYZER_NONNULL = YES;
				CLANG_ANALYZER_NUMBER_OBJECT_CONVERSION = YES_AGGRESSIVE;
				CLANG_CXX_LANGUAGE_STANDARD = "gnu++14";
				CLANG_CXX_LIBRARY = "libc++";
				CLANG_ENABLE_MODULES = YES;
				CLANG_ENABLE_OBJC_ARC = YES;
				CLANG_WARN_BLOCK_CAPTURE_AUTORELEASING = YES;
				CLANG_WARN_BOOL_CONVERSION = YES;
				CLANG_WARN_COMMA = YES;
				CLANG_WARN_CONSTANT_CONVERSION = YES;
				CLANG_WARN_DIRECT_OBJC_ISA_USAGE = YES_ERROR;
				CLANG_WARN_DOCUMENTATION_COMMENTS = YES;
				CLANG_WARN_EMPTY_BODY = YES;
				CLANG_WARN_ENUM_CONVERSION = YES;
				CLANG_WARN_INFINITE_RECURSION = YES;
				CLANG_WARN_INT_CONVERSION = YES;
				CLANG_WARN_NON_LITERAL_NULL_CONVERSION = YES;
				CLANG_WARN_OBJC_LITERAL_CONVERSION = YES;
				CLANG_WARN_OBJC_ROOT_CLASS = YES_ERROR;
				CLANG_WARN_RANGE_LOOP_ANALYSIS = YES;
				CLANG_WARN_STRICT_PROTOTYPES = YES;
				CLANG_WARN_SUSPICIOUS_MOVE = YES;
				CLANG_WARN_UNGUARDED_AVAILABILITY = YES_AGGRESSIVE;
				CLANG_WARN_UNREACHABLE_CODE = YES;
				CLANG_WARN__DUPLICATE_METHOD_MATCH = YES;
				CODE_SIGN_IDENTITY = "iPhone Developer";
				COPY_PHASE_STRIP = NO;
				DEBUG_INFORMATION_FORMAT = dwarf;
				ENABLE_STRICT_OBJC_MSGSEND = YES;
				ENABLE_TESTABILITY = YES;
				GCC_C_LANGUAGE_STANDARD = gnu11;
				GCC_DYNAMIC_NO_PIC = NO;
				GCC_NO_COMMON_BLOCKS = YES;
				GCC_OPTIMIZATION_LEVEL = 0;
				GCC_PREPROCESSOR_DEFINITIONS = (
					"DEBUG=1",
					"$(inherited)",
				);
				GCC_WARN_64_TO_32_BIT_CONVERSION = YES;
				GCC_WARN_ABOUT_RETURN_TYPE = YES_ERROR;
				GCC_WARN_UNDECLARED_SELECTOR = YES;
				GCC_WARN_UNINITIALIZED_AUTOS = YES_AGGRESSIVE;
				GCC_WARN_UNUSED_FUNCTION = YES;
				GCC_WARN_UNUSED_VARIABLE = YES;
				IPHONEOS_DEPLOYMENT_TARGET = 11.2;
				MTL_ENABLE_DEBUG_INFO = YES;
				ONLY_ACTIVE_ARCH = YES;
				SDKROOT = iphoneos;
			};
			name = Debug;
		};
		A654326D1FE6A9E50048789B /* Release */ = {
			isa = XCBuildConfiguration;
			buildSettings = {
				ALWAYS_SEARCH_USER_PATHS = NO;
				CLANG_ANALYZER_NONNULL = YES;
				CLANG_ANALYZER_NUMBER_OBJECT_CONVERSION = YES_AGGRESSIVE;
				CLANG_CXX_LANGUAGE_STANDARD = "gnu++14";
				CLANG_CXX_LIBRARY = "libc++";
				CLANG_ENABLE_MODULES = YES;
				CLANG_ENABLE_OBJC_ARC = YES;
				CLANG_WARN_BLOCK_CAPTURE_AUTORELEASING = YES;
				CLANG_WARN_BOOL_CONVERSION = YES;
				CLANG_WARN_COMMA = YES;
				CLANG_WARN_CONSTANT_CONVERSION = YES;
				CLANG_WARN_DIRECT_OBJC_ISA_USAGE = YES_ERROR;
				CLANG_WARN_DOCUMENTATION_COMMENTS = YES;
				CLANG_WARN_EMPTY_BODY = YES;
				CLANG_WARN_ENUM_CONVERSION = YES;
				CLANG_WARN_INFINITE_RECURSION = YES;
				CLANG_WARN_INT_CONVERSION = YES;
				CLANG_WARN_NON_LITERAL_NULL_CONVERSION = YES;
				CLANG_WARN_OBJC_LITERAL_CONVERSION = YES;
				CLANG_WARN_OBJC_ROOT_CLASS = YES_ERROR;
				CLANG_WARN_RANGE_LOOP_ANALYSIS = YES;
				CLANG_WARN_STRICT_PROTOTYPES = YES;
				CLANG_WARN_SUSPICIOUS_MOVE = YES;
				CLANG_WARN_UNGUARDED_AVAILABILITY = YES_AGGRESSIVE;
				CLANG_WARN_UNREACHABLE_CODE = YES;
				CLANG_WARN__DUPLICATE_METHOD_MATCH = YES;
				CODE_SIGN_IDENTITY = "iPhone Developer";
				COPY_PHASE_STRIP = NO;
				DEBUG_INFORMATION_FORMAT = "dwarf-with-dsym";
				ENABLE_NS_ASSERTIONS = NO;
				ENABLE_STRICT_OBJC_MSGSEND = YES;
				GCC_C_LANGUAGE_STANDARD = gnu11;
				GCC_NO_COMMON_BLOCKS = YES;
				GCC_WARN_64_TO_32_BIT_CONVERSION = YES;
				GCC_WARN_ABOUT_RETURN_TYPE = YES_ERROR;
				GCC_WARN_UNDECLARED_SELECTOR = YES;
				GCC_WARN_UNINITIALIZED_AUTOS = YES_AGGRESSIVE;
				GCC_WARN_UNUSED_FUNCTION = YES;
				GCC_WARN_UNUSED_VARIABLE = YES;
				IPHONEOS_DEPLOYMENT_TARGET = 11.2;
				MTL_ENABLE_DEBUG_INFO = NO;
				SDKROOT = iphoneos;
				VALIDATE_PRODUCT = YES;
			};
			name = Release;
		};
		A654326F1FE6A9E50048789B /* Debug */ = {
			isa = XCBuildConfiguration;
			buildSettings = {
				ASSETCATALOG_COMPILER_APPICON_NAME = AppIcon;
				CODE_SIGN_STYLE = Automatic;
				DEVELOPMENT_TEAM = 62L77NG4AA;
				INFOPLIST_FILE = TableViewSimpleApp/Info.plist;
				LD_RUNPATH_SEARCH_PATHS = "$(inherited) @executable_path/Frameworks";
				PRODUCT_BUNDLE_IDENTIFIER = Anton.TableViewSimpleApp;
				PRODUCT_NAME = "$(TARGET_NAME)";
				TARGETED_DEVICE_FAMILY = "1,2";
			};
			name = Debug;
		};
		A65432701FE6A9E50048789B /* Release */ = {
			isa = XCBuildConfiguration;
			buildSettings = {
				ASSETCATALOG_COMPILER_APPICON_NAME = AppIcon;
				CODE_SIGN_STYLE = Automatic;
				DEVELOPMENT_TEAM = 62L77NG4AA;
				INFOPLIST_FILE = TableViewSimpleApp/Info.plist;
				LD_RUNPATH_SEARCH_PATHS = "$(inherited) @executable_path/Frameworks";
				PRODUCT_BUNDLE_IDENTIFIER = Anton.TableViewSimpleApp;
				PRODUCT_NAME = "$(TARGET_NAME)";
				TARGETED_DEVICE_FAMILY = "1,2";
			};
			name = Release;
		};
/* End XCBuildConfiguration section */

/* Begin XCConfigurationList section */
		A65432531FE6A9E50048789B /* Build configuration list for PBXProject "TableViewSimpleApp" */ = {
			isa = XCConfigurationList;
			buildConfigurations = (
				A654326C1FE6A9E50048789B /* Debug */,
				A654326D1FE6A9E50048789B /* Release */,
			);
			defaultConfigurationIsVisible = 0;
			defaultConfigurationName = Release;
		};
		A654326E1FE6A9E50048789B /* Build configuration list for PBXNativeTarget "TableViewSimpleApp" */ = {
			isa = XCConfigurationList;
			buildConfigurations = (
				A654326F1FE6A9E50048789B /* Debug */,
				A65432701FE6A9E50048789B /* Release */,
			);
			defaultConfigurationIsVisible = 0;
			defaultConfigurationName = Release;
		};
/* End XCConfigurationList section */
	};
	rootObject = A65432501FE6A9E50048789B /* Project object */;
}
